<?xml version="1.0" encoding="utf-8"?>
<Project ToolsVersion="4.0" xmlns="http://schemas.microsoft.com/developer/msbuild/2003">
  <ItemGroup>
    <Filter Include="File di origine">
      <UniqueIdentifier>{4FC737F1-C7A5-4376-A066-2A32D752A2FF}</UniqueIdentifier>
      <Extensions>cpp;c;cc;cxx;def;odl;idl;hpj;bat;asm;asmx</Extensions>
    </Filter>
    <Filter Include="File di intestazione">
      <UniqueIdentifier>{93995380-89BD-4b04-88EB-625FBE52EBFB}</UniqueIdentifier>
      <Extensions>h;hh;hpp;hxx;hm;inl;inc;xsd</Extensions>
    </Filter>
    <Filter Include="File di risorse">
      <UniqueIdentifier>{67DA6AB6-F800-4c08-8B7A-83BB121AAD01}</UniqueIdentifier>
      <Extensions>rc;ico;cur;bmp;dlg;rc2;rct;bin;rgs;gif;jpg;jpeg;jpe;resx;tiff;tif;png;wav;mfcribbon-ms</Extensions>
    </Filter>
    <Filter Include="File di intestazione\A%2a-alg">
      <UniqueIdentifier>{1bf7e6dd-81c5-4e11-8ff7-5a6fc4cc66d7}</UniqueIdentifier>
    </Filter>
  </ItemGroup>
  <ItemGroup>
    <Text Include="ReadMe.txt" />
  </ItemGroup>
  <ItemGroup>
    <ClInclude Include="stdafx.h">
      <Filter>File di intestazione</Filter>
    </ClInclude>
    <ClInclude Include="targetver.h">
      <Filter>File di intestazione</Filter>
    </ClInclude>
    <ClInclude Include="LWindow.h">
      <Filter>File di intestazione</Filter>
    </ClInclude>
    <ClInclude Include="Core.h">
      <Filter>File di intestazione</Filter>
    </ClInclude>
    <ClInclude Include="GLHandler.h">
      <Filter>File di intestazione</Filter>
    </ClInclude>
    <ClInclude Include="GLRenderer.h">
      <Filter>File di intestazione</Filter>
    </ClInclude>
    <ClInclude Include="LShaderProgram.h">
      <Filter>File di intestazione</Filter>
    </ClInclude>
    <ClInclude Include="LSampleShader.h">
      <Filter>File di intestazione</Filter>
    </ClInclude>
    <ClInclude Include="LVertexShader.h">
      <Filter>File di intestazione</Filter>
    </ClInclude>
    <ClInclude Include="EventHandler.h">
      <Filter>File di intestazione</Filter>
    </ClInclude>
    <ClInclude Include="GameClass.h">
      <Filter>File di intestazione</Filter>
    </ClInclude>
    <ClInclude Include="LightShader.h">
      <Filter>File di intestazione</Filter>
    </ClInclude>
    <ClInclude Include="GameObject.h">
      <Filter>File di intestazione</Filter>
    </ClInclude>
    <ClInclude Include="DrawingPlane.h">
      <Filter>File di intestazione</Filter>
    </ClInclude>
    <ClInclude Include="LTexture2D.h">
      <Filter>File di intestazione</Filter>
    </ClInclude>
    <ClInclude Include="Player.h">
      <Filter>File di intestazione</Filter>
    </ClInclude>
    <ClInclude Include="Camera2D.h">
      <Filter>File di intestazione</Filter>
    </ClInclude>
    <ClInclude Include="Button.h">
      <Filter>File di intestazione</Filter>
    </ClInclude>
    <ClInclude Include="Launcher.h">
      <Filter>File di intestazione</Filter>
    </ClInclude>
    <ClInclude Include="AudioManager.h">
      <Filter>File di intestazione</Filter>
    </ClInclude>
    <ClInclude Include="Fire.h">
      <Filter>File di intestazione</Filter>
    </ClInclude>
    <ClInclude Include="HealthBar.h">
      <Filter>File di intestazione</Filter>
    </ClInclude>
    <ClInclude Include="AI.h">
      <Filter>File di intestazione</Filter>
    </ClInclude>
    <ClInclude Include="PathFinder.h">
      <Filter>File di intestazione</Filter>
    </ClInclude>
    <ClInclude Include="Chest.h">
      <Filter>File di intestazione</Filter>
    </ClInclude>
    <ClInclude Include="Background.h">
      <Filter>File di intestazione</Filter>
    </ClInclude>
    <ClInclude Include="Help.h">
      <Filter>File di intestazione</Filter>
    </ClInclude>
    <ClInclude Include="Text.h">
      <Filter>File di intestazione</Filter>
    </ClInclude>
    <ClInclude Include="Camera.h">
      <Filter>File di intestazione</Filter>
    </ClInclude>
    <ClInclude Include="FontManager.h">
      <Filter>File di intestazione</Filter>
    </ClInclude>
    <ClInclude Include="HashTable.h">
      <Filter>File di intestazione</Filter>
    </ClInclude>
    <ClInclude Include="DeathMenu.h">
      <Filter>File di intestazione</Filter>
    </ClInclude>
  </ItemGroup>
  <ItemGroup>
    <ClCompile Include="stdafx.cpp">
      <Filter>File di origine</Filter>
    </ClCompile>
    <ClCompile Include="SDLOpenGLMain.cpp">
      <Filter>File di origine</Filter>
    </ClCompile>
    <ClCompile Include="LWindow.cpp">
      <Filter>File di origine</Filter>
    </ClCompile>
    <ClCompile Include="GLHandler.cpp">
      <Filter>File di origine</Filter>
    </ClCompile>
    <ClCompile Include="GLRenderer.cpp">
      <Filter>File di origine</Filter>
    </ClCompile>
    <ClCompile Include="LShaderProgram.cpp">
      <Filter>File di origine</Filter>
    </ClCompile>
    <ClCompile Include="LSampleShader.cpp">
      <Filter>File di origine</Filter>
    </ClCompile>
    <ClCompile Include="LVertexShader.cpp">
      <Filter>File di origine</Filter>
    </ClCompile>
    <ClCompile Include="EventHandler.cpp">
      <Filter>File di origine</Filter>
    </ClCompile>
    <ClCompile Include="GameClass.cpp">
      <Filter>File di origine</Filter>
    </ClCompile>
    <ClCompile Include="LightShader.cpp">
      <Filter>File di origine</Filter>
    </ClCompile>
    <ClCompile Include="GameObject.cpp">
      <Filter>File di origine</Filter>
    </ClCompile>
    <ClCompile Include="DrawingPlane.cpp">
      <Filter>File di origine</Filter>
    </ClCompile>
    <ClCompile Include="LTexture2D.cpp">
      <Filter>File di origine</Filter>
    </ClCompile>
    <ClCompile Include="Core.cpp">
      <Filter>File di origine</Filter>
    </ClCompile>
    <ClCompile Include="Player.cpp">
      <Filter>File di origine</Filter>
    </ClCompile>
    <ClCompile Include="Camera2D.cpp">
      <Filter>File di origine</Filter>
    </ClCompile>
    <ClCompile Include="Button.cpp">
      <Filter>File di origine</Filter>
    </ClCompile>
    <ClCompile Include="Launcher.cpp">
      <Filter>File di origine</Filter>
    </ClCompile>
    <ClCompile Include="AudioManager.cpp">
      <Filter>File di origine</Filter>
    </ClCompile>
    <ClCompile Include="Fire.cpp">
      <Filter>File di origine</Filter>
    </ClCompile>
    <ClCompile Include="HealthBar.cpp">
      <Filter>File di origine</Filter>
    </ClCompile>
    <ClCompile Include="AI.cpp">
      <Filter>File di origine</Filter>
    </ClCompile>
    <ClCompile Include="PathFinder.cpp">
      <Filter>File di origine</Filter>
    </ClCompile>
    <ClCompile Include="Chest.cpp">
      <Filter>File di origine</Filter>
    </ClCompile>
    <ClCompile Include="Background.cpp">
      <Filter>File di origine</Filter>
    </ClCompile>
    <ClCompile Include="Help.cpp">
      <Filter>File di origine</Filter>
    </ClCompile>
    <ClCompile Include="Text.cpp">
      <Filter>File di origine</Filter>
    </ClCompile>
    <ClCompile Include="Camera.cpp">
      <Filter>File di origine</Filter>
    </ClCompile>
    <ClCompile Include="FontManager.cpp">
      <Filter>File di origine</Filter>
    </ClCompile>
    <ClCompile Include="DeathMenu.cpp">
      <Filter>File di origine</Filter>
    </ClCompile>
  </ItemGroup>
</Project>